
Microsoft Visual Studio Solution File, Format Version 12.00
# Visual Studio 2012
Project("{FAE04EC0-301F-11D3-BF4B-00C04F79EFBC}") = "BloggingSystem.Entities", "BloggingSystem.Entities\BloggingSystem.Entities.csproj", "{5E174049-034E-438E-A2CC-2F33714D1B6B}"
EndProject
Project("{FAE04EC0-301F-11D3-BF4B-00C04F79EFBC}") = "BloggingSystem.Data", "BloggingSystem.Data\BloggingSystem.Data.csproj", "{6BC4693D-87AB-42E7-83FA-2843D46F629A}"
EndProject
Global
	GlobalSection(SolutionConfigurationPlatforms) = preSolution
		Debug|Any CPU = Debug|Any CPU
		Release|Any CPU = Release|Any CPU
	EndGlobalSection
	GlobalSection(ProjectConfigurationPlatforms) = postSolution
		{5E174049-034E-438E-A2CC-2F33714D1B6B}.Debug|Any CPU.ActiveCfg = Debug|Any CPU
		{5E174049-034E-438E-A2CC-2F33714D1B6B}.Debug|Any CPU.Build.0 = Debug|Any CPU
		{5E174049-034E-438E-A2CC-2F33714D1B6B}.Release|Any CPU.ActiveCfg = Release|Any CPU
		{5E174049-034E-438E-A2CC-2F33714D1B6B}.Release|Any CPU.Build.0 = Release|Any CPU
		{6BC4693D-87AB-42E7-83FA-2843D46F629A}.Debug|Any CPU.ActiveCfg = Debug|Any CPU
		{6BC4693D-87AB-42E7-83FA-2843D46F629A}.Debug|Any CPU.Build.0 = Debug|Any CPU
		{6BC4693D-87AB-42E7-83FA-2843D46F629A}.Release|Any CPU.ActiveCfg = Release|Any CPU
		{6BC4693D-87AB-42E7-83FA-2843D46F629A}.Release|Any CPU.Build.0 = Release|Any CPU
	EndGlobalSection
	GlobalSection(SolutionProperties) = preSolution
		HideSolutionNode = FALSE
	EndGlobalSection
EndGlobal
